<?xml version="1.0" encoding="utf-8"?>
<Project ToolsVersion="4.0" xmlns="http://schemas.microsoft.com/developer/msbuild/2003">
  <ItemGroup>
    <Filter Include="Resource Files">
      <UniqueIdentifier>{67DA6AB6-F800-4c08-8B7A-83BB121AAD01}</UniqueIdentifier>
      <Extensions>rc;ico;cur;bmp;dlg;rc2;rct;bin;rgs;gif;jpg;jpeg;jpe;resx;tiff;tif;png;wav;mfcribbon-ms</Extensions>
    </Filter>
    <Filter Include="Graphics">
      <UniqueIdentifier>{2dfe788a-4586-4b8a-a80f-3382e89fdfff}</UniqueIdentifier>
    </Filter>
    <Filter Include="Utils">
      <UniqueIdentifier>{97032cf3-87e1-4ff0-98d1-4909fe8b829e}</UniqueIdentifier>
    </Filter>
  </ItemGroup>
  <ItemGroup>
    <ClCompile Include="src\main.cpp" />
    <ClCompile Include="src\graphics\Application.cpp">
      <Filter>Graphics</Filter>
    </ClCompile>
  </ItemGroup>
  <ItemGroup>
    <ClInclude Include="src\graphics\Application.hpp">
      <Filter>Graphics</Filter>
    </ClInclude>
    <ClInclude Include="src\utils\ResourceHolder.hpp">
      <Filter>Utils</Filter>
    </ClInclude>
    <ClInclude Include="src\utils\ResourceIdentifiers.hpp">
      <Filter>Utils</Filter>
    </ClInclude>
  </ItemGroup>
</Project>